# This file is automatically @generated by Poetry 1.7.1 and should not be changed by hand.

[[package]]
name = "server-shared"
version = "0.1.0"
description = ""
optional = false
python-versions = "^3.9.12"
files = []
develop = false

[package.source]
type = "directory"
url = "_shared"

[metadata]
lock-version = "2.0"
python-versions = "^3.9.12"
content-hash = "d87a93e9ff5c134d6e81bd97c148d075136de000a69b82662de59e1dd669708a"
